{
  "requires": true,
  "lockfileVersion": 1,
  "dependencies": {
    "@syncfusion/ej2-angular-base": {
      "version": "19.4.52",
      "resolved": "https://registry.npmjs.org/@syncfusion/ej2-angular-base/-/ej2-angular-base-19.4.52.tgz",
      "integrity": "sha512-PDU3WwP/KV1eEbm3oJuAowGzveUj/RmsgZXphIVC/oZgwwzZoogN9bt5LSF1rAEhfioOQPzM/VoHTv/lnd03jg==",
      "requires": {
        "@syncfusion/ej2-base": "~19.4.52",
        "@syncfusion/ej2-icons": "~19.4.52",
        "core-js": "^3.4.8",
        "reflect-metadata": "^0.1.9",
        "rxjs": "^6.5.4",
        "rxjs-compat": "^6.5.4",
        "zone.js": "^0.10.2"
      }
    },
    "@syncfusion/ej2-barcode-generator": {
      "version": "19.4.52",
      "resolved": "https://registry.npmjs.org/@syncfusion/ej2-barcode-generator/-/ej2-barcode-generator-19.4.52.tgz",
      "integrity": "sha512-K4pOGnC22GmQP3nyqTpY/L1Gl6u8zWe/XrZTggnY61Cnhgii1FpBAMJoRPeJ46Jk2SI2vIP05LVT/GGR9PKZHg==",
      "requires": {
        "@syncfusion/ej2-base": "~19.4.52",
        "@syncfusion/ej2-data": "~19.4.52"
      }
    },
    "@syncfusion/ej2-base": {
      "version": "19.4.52",
      "resolved": "https://registry.npmjs.org/@syncfusion/ej2-base/-/ej2-base-19.4.52.tgz",
      "integrity": "sha512-BMJGjscgl5CGpWQW1y1osv+rcKBPYgPBpSfz8FA0XcqhL6wNjGomALmxHznk7QGWC/4bdUhx6AKsGHutMGm/PA==",
      "requires": {
        "@syncfusion/ej2-icons": "~19.4.52"
      }
    },
    "@syncfusion/ej2-buttons": {
      "version": "19.4.52",
      "resolved": "https://registry.npmjs.org/@syncfusion/ej2-buttons/-/ej2-buttons-19.4.52.tgz",
      "integrity": "sha512-ZaGjRIoXijEP8xLoKauFsILsWN9tavmJGcyMIhLNV5JzcT5wJRnCeHpVOuLxcnBtGEjhTBiaDxahtqJOXeZNfw==",
      "requires": {
        "@syncfusion/ej2-base": "~19.4.52"
      }
    },
    "@syncfusion/ej2-calendars": {
      "version": "19.4.52",
      "resolved": "https://registry.npmjs.org/@syncfusion/ej2-calendars/-/ej2-calendars-19.4.52.tgz",
      "integrity": "sha512-RGnTnANT48RZaWQgxu6N2DJZ1TMjHwmqCecoNO2z2aORYB72Uj3ut7R7OI9XpwYoG4YfBNmcaIB5J7SAbZJAHw==",
      "requires": {
        "@syncfusion/ej2-base": "~19.4.52",
        "@syncfusion/ej2-buttons": "~19.4.52",
        "@syncfusion/ej2-inputs": "~19.4.52",
        "@syncfusion/ej2-lists": "~19.4.52",
        "@syncfusion/ej2-popups": "~19.4.52"
      }
    },
    "@syncfusion/ej2-charts": {
      "version": "19.4.52",
      "resolved": "https://registry.npmjs.org/@syncfusion/ej2-charts/-/ej2-charts-19.4.52.tgz",
      "integrity": "sha512-eNio20uCwOJ3Y0XWKf/q+DCdmo/7VeG1MfTjEBlza5zk6J5RiDjWbnJ7Ks8uhme3XC8dI1KV3IXIDAi3+RvtzQ==",
      "requires": {
        "@syncfusion/ej2-base": "~19.4.52",
        "@syncfusion/ej2-calendars": "~19.4.52",
        "@syncfusion/ej2-compression": "~19.4.52",
        "@syncfusion/ej2-data": "~19.4.52",
        "@syncfusion/ej2-file-utils": "~19.4.52",
        "@syncfusion/ej2-navigations": "~19.4.52",
        "@syncfusion/ej2-pdf-export": "~19.4.52",
        "@syncfusion/ej2-svg-base": "~19.4.52"
      }
    },
    "@syncfusion/ej2-circulargauge": {
      "version": "19.4.52",
      "resolved": "https://registry.npmjs.org/@syncfusion/ej2-circulargauge/-/ej2-circulargauge-19.4.52.tgz",
      "integrity": "sha512-0O8w0zTsQtEEBJ4u8gV2A2qGpL5ify7tDUw30xCOQmtisvGLSyT1IFvBUtzyRyZxJd7PNh+VUWsLSgJXD2Tdxw==",
      "requires": {
        "@syncfusion/ej2-base": "~19.4.52",
        "@syncfusion/ej2-pdf-export": "~19.4.52",
        "@syncfusion/ej2-svg-base": "~19.4.52"
      }
    },
    "@syncfusion/ej2-compression": {
      "version": "19.4.52",
      "resolved": "https://registry.npmjs.org/@syncfusion/ej2-compression/-/ej2-compression-19.4.52.tgz",
      "integrity": "sha512-6LBkM8cSfhiRVmbHpAs5uYLCOFS8XzYwui2qlIav66eWYIeQXs9KWvA5/Ppy3wtwy2pSXAnV9s1QDM1bBxv6TQ==",
      "requires": {
        "@syncfusion/ej2-file-utils": "~19.4.52"
      }
    },
    "@syncfusion/ej2-data": {
      "version": "19.4.52",
      "resolved": "https://registry.npmjs.org/@syncfusion/ej2-data/-/ej2-data-19.4.52.tgz",
      "integrity": "sha512-QIgm/pgCa+DMDqCf93x7CbB08XWopRjBMUZ4SG1v82znCv1hRqL6DfSQ1TM82ftd9A+qeRO+ALMDa5Q2lWdoIQ==",
      "requires": {
        "@syncfusion/ej2-base": "~19.4.52"
      }
    },
    "@syncfusion/ej2-diagrams": {
      "version": "19.4.52",
      "resolved": "https://registry.npmjs.org/@syncfusion/ej2-diagrams/-/ej2-diagrams-19.4.52.tgz",
      "integrity": "sha512-ZKuK63p2Lx73xJav53LIzoG3my93QZ41FAKQyWFVSFLboUeMCVLkUp8DsL3qvz0e5BmfVEbcrdQdCxC6NYvNLw==",
      "requires": {
        "@syncfusion/ej2-base": "~19.4.52",
        "@syncfusion/ej2-buttons": "~19.4.52",
        "@syncfusion/ej2-data": "~19.4.52",
        "@syncfusion/ej2-inputs": "~19.4.52",
        "@syncfusion/ej2-lists": "~19.4.52",
        "@syncfusion/ej2-navigations": "~19.4.52",
        "@syncfusion/ej2-popups": "~19.4.52"
      }
    },
    "@syncfusion/ej2-documenteditor": {
      "version": "19.4.52",
      "resolved": "https://registry.npmjs.org/@syncfusion/ej2-documenteditor/-/ej2-documenteditor-19.4.52.tgz",
      "integrity": "sha512-I1CSW2t+AvidO/9MLb1qegzDIXdj7hn1NzMxcFXonb6bHKx8tUmLN0XJLUUzCt6Twn7kZf9zSwNC1qTJmDElKQ==",
      "requires": {
        "@syncfusion/ej2-base": "~19.4.52",
        "@syncfusion/ej2-buttons": "~19.4.52",
        "@syncfusion/ej2-calendars": "~19.4.52",
        "@syncfusion/ej2-compression": "~19.4.52",
        "@syncfusion/ej2-dropdowns": "~19.4.52",
        "@syncfusion/ej2-file-utils": "~19.4.52",
        "@syncfusion/ej2-inputs": "~19.4.52",
        "@syncfusion/ej2-navigations": "~19.4.52",
        "@syncfusion/ej2-office-chart": "~19.4.52",
        "@syncfusion/ej2-popups": "~19.4.52",
        "@syncfusion/ej2-splitbuttons": "~19.4.52"
      }
    },
    "@syncfusion/ej2-drawings": {
      "version": "19.4.52",
      "resolved": "https://registry.npmjs.org/@syncfusion/ej2-drawings/-/ej2-drawings-19.4.52.tgz",
      "integrity": "sha512-2bsb4ZY6xSApImK5F9zMRMBZuoKASlDrnoe0p/kxEwxfY3sG5yi8U7UT56uLdjFjqR0IRfkGlcjuCPGK98qEjw==",
      "requires": {
        "@syncfusion/ej2-base": "~19.4.52",
        "@syncfusion/ej2-data": "~19.4.52"
      }
    },
    "@syncfusion/ej2-dropdowns": {
      "version": "19.4.52",
      "resolved": "https://registry.npmjs.org/@syncfusion/ej2-dropdowns/-/ej2-dropdowns-19.4.52.tgz",
      "integrity": "sha512-RUFBoYabd+AlkJNhkJJDQxtLBedYWGuxRoVhlIwUkoFCgrI1B08lhXSKpRO0sdm2WQ5MGIIUTqwzWDpDrDLMIw==",
      "requires": {
        "@syncfusion/ej2-base": "~19.4.52",
        "@syncfusion/ej2-data": "~19.4.52",
        "@syncfusion/ej2-inputs": "~19.4.52",
        "@syncfusion/ej2-lists": "~19.4.52",
        "@syncfusion/ej2-navigations": "~19.4.52",
        "@syncfusion/ej2-popups": "~19.4.52"
      }
    },
    "@syncfusion/ej2-excel-export": {
      "version": "19.4.52",
      "resolved": "https://registry.npmjs.org/@syncfusion/ej2-excel-export/-/ej2-excel-export-19.4.52.tgz",
      "integrity": "sha512-7i0kc18I6HavEtolDOzJbpMd9AUMkUUIRPRaGRsdfOeMu2lA5JmJ2UyUwXi7d4Mr07M3NrtBUoEYPJxXuTPjRA==",
      "requires": {
        "@syncfusion/ej2-base": "~19.4.52",
        "@syncfusion/ej2-compression": "~19.4.52"
      }
    },
    "@syncfusion/ej2-file-utils": {
      "version": "19.4.52",
      "resolved": "https://registry.npmjs.org/@syncfusion/ej2-file-utils/-/ej2-file-utils-19.4.52.tgz",
      "integrity": "sha512-4rMjft6arAaRVAbmsUxSRqpMlJ7azUAlVr5SNSJFNynJpsNK6CtXE4Pr7EQ7VfOnK8XhNskpSbcik5P2vm8Pdg=="
    },
    "@syncfusion/ej2-filemanager": {
      "version": "19.4.52",
      "resolved": "https://registry.npmjs.org/@syncfusion/ej2-filemanager/-/ej2-filemanager-19.4.52.tgz",
      "integrity": "sha512-gHWR/5Mw4wzCPbQiz2+2JApThlIhZYjqXIk0HH/Iyo4VlDr6YkenwzjvldPpGcf1LqIa2EwKOe3BTDLkWW5BLg==",
      "requires": {
        "@syncfusion/ej2-base": "~19.4.52",
        "@syncfusion/ej2-buttons": "~19.4.52",
        "@syncfusion/ej2-data": "~19.4.52",
        "@syncfusion/ej2-grids": "~19.4.52",
        "@syncfusion/ej2-inputs": "~19.4.52",
        "@syncfusion/ej2-layouts": "~19.4.52",
        "@syncfusion/ej2-lists": "~19.4.52",
        "@syncfusion/ej2-navigations": "~19.4.52",
        "@syncfusion/ej2-popups": "~19.4.52",
        "@syncfusion/ej2-splitbuttons": "~19.4.52"
      }
    },
    "@syncfusion/ej2-gantt": {
      "version": "19.4.52",
      "resolved": "https://registry.npmjs.org/@syncfusion/ej2-gantt/-/ej2-gantt-19.4.52.tgz",
      "integrity": "sha512-B9xwy4D/E38jNwzWp+HFvBYWeDJMXr6/5V+xu9H7QJ7UM0jck+qhnRgkXeLrxwfKyUoM2jytmo0d76inxwTiRg==",
      "requires": {
        "@syncfusion/ej2-base": "~19.4.52",
        "@syncfusion/ej2-buttons": "~19.4.52",
        "@syncfusion/ej2-calendars": "~19.4.52",
        "@syncfusion/ej2-data": "~19.4.52",
        "@syncfusion/ej2-dropdowns": "~19.4.52",
        "@syncfusion/ej2-grids": "~19.4.52",
        "@syncfusion/ej2-inputs": "~19.4.52",
        "@syncfusion/ej2-layouts": "~19.4.52",
        "@syncfusion/ej2-lists": "~19.4.52",
        "@syncfusion/ej2-navigations": "~19.4.52",
        "@syncfusion/ej2-popups": "~19.4.52",
        "@syncfusion/ej2-richtexteditor": "~19.4.52",
        "@syncfusion/ej2-treegrid": "~19.4.52"
      }
    },
    "@syncfusion/ej2-grids": {
      "version": "19.4.52",
      "resolved": "https://registry.npmjs.org/@syncfusion/ej2-grids/-/ej2-grids-19.4.52.tgz",
      "integrity": "sha512-d/FXfEPUClxn9i3d8V5ESV/dw/DmoCmK5gPALCr/eEM9ILfhjh2+RZqZPSda+DZELs9f7boQKY5VyV+4q4d0Bw==",
      "requires": {
        "@syncfusion/ej2-base": "~19.4.52",
        "@syncfusion/ej2-buttons": "~19.4.52",
        "@syncfusion/ej2-calendars": "~19.4.52",
        "@syncfusion/ej2-compression": "~19.4.52",
        "@syncfusion/ej2-data": "~19.4.52",
        "@syncfusion/ej2-dropdowns": "~19.4.52",
        "@syncfusion/ej2-excel-export": "~19.4.52",
        "@syncfusion/ej2-file-utils": "~19.4.52",
        "@syncfusion/ej2-inputs": "~19.4.52",
        "@syncfusion/ej2-lists": "~19.4.52",
        "@syncfusion/ej2-navigations": "~19.4.52",
        "@syncfusion/ej2-pdf-export": "~19.4.52",
        "@syncfusion/ej2-popups": "~19.4.52",
        "@syncfusion/ej2-splitbuttons": "~19.4.52"
      }
    },
    "@syncfusion/ej2-heatmap": {
      "version": "19.4.52",
      "resolved": "https://registry.npmjs.org/@syncfusion/ej2-heatmap/-/ej2-heatmap-19.4.52.tgz",
      "integrity": "sha512-wbxneQvncRRw8tyA57qf0bWSX+YvVL/VTBq19DT9sbpTrYIpg9dgT1FnzQzkESaD/cXcsOHFfJxgr+rJQJd86Q==",
      "requires": {
        "@syncfusion/ej2-base": "~19.4.52",
        "@syncfusion/ej2-compression": "~19.4.52",
        "@syncfusion/ej2-data": "~19.4.52",
        "@syncfusion/ej2-file-utils": "~19.4.52",
        "@syncfusion/ej2-pdf-export": "~19.4.52",
        "@syncfusion/ej2-svg-base": "~19.4.52"
      }
    },
    "@syncfusion/ej2-icons": {
      "version": "19.4.52",
      "resolved": "https://registry.npmjs.org/@syncfusion/ej2-icons/-/ej2-icons-19.4.52.tgz",
      "integrity": "sha512-hkEvuVA/soEdqFwFSGbj2Z9u6Ajb+4HZNYIKtw6aCwjn/FE5vFuGMFBdkLEX9BRkUl/e/uvyP6/TKBM/nfkY8A=="
    },
    "@syncfusion/ej2-inplace-editor": {
      "version": "19.4.52",
      "resolved": "https://registry.npmjs.org/@syncfusion/ej2-inplace-editor/-/ej2-inplace-editor-19.4.52.tgz",
      "integrity": "sha512-4FXuU3EX+PyQrTUGp5Nkfi1DeyrRpWYChEMILX9UzSMIRycEHRbCTEs+7RLPUxiN08Jl2B++wOJ1WeFFOYPJRQ==",
      "requires": {
        "@syncfusion/ej2-base": "~19.4.52",
        "@syncfusion/ej2-buttons": "~19.4.52",
        "@syncfusion/ej2-calendars": "~19.4.52",
        "@syncfusion/ej2-data": "~19.4.52",
        "@syncfusion/ej2-dropdowns": "~19.4.52",
        "@syncfusion/ej2-inputs": "~19.4.52",
        "@syncfusion/ej2-lists": "~19.4.52",
        "@syncfusion/ej2-navigations": "~19.4.52",
        "@syncfusion/ej2-popups": "~19.4.52",
        "@syncfusion/ej2-richtexteditor": "~19.4.52",
        "@syncfusion/ej2-splitbuttons": "~19.4.52"
      }
    },
    "@syncfusion/ej2-inputs": {
      "version": "19.4.52",
      "resolved": "https://registry.npmjs.org/@syncfusion/ej2-inputs/-/ej2-inputs-19.4.52.tgz",
      "integrity": "sha512-141wT1W8DbXM50A1RVHOtruCyPncF6CDOU8RdhtFx9ydbXvbSXH+2i+vKr8UK23qC07z8+YB8/wV7ZAQ5vI0Bw==",
      "requires": {
        "@syncfusion/ej2-base": "~19.4.52",
        "@syncfusion/ej2-buttons": "~19.4.52",
        "@syncfusion/ej2-popups": "~19.4.52",
        "@syncfusion/ej2-splitbuttons": "~19.4.52"
      }
    },
    "@syncfusion/ej2-kanban": {
      "version": "19.4.52",
      "resolved": "https://registry.npmjs.org/@syncfusion/ej2-kanban/-/ej2-kanban-19.4.52.tgz",
      "integrity": "sha512-4hZoBBikGe2GWNaZhKLAe68owJ77L70rodiA7MAOS/5WC8mUyhCaJiVrvsTLoVkhdBS/Hy37VuqeQaU3HjQrmQ==",
      "requires": {
        "@syncfusion/ej2-base": "~19.4.52",
        "@syncfusion/ej2-buttons": "~19.4.52",
        "@syncfusion/ej2-data": "~19.4.52",
        "@syncfusion/ej2-dropdowns": "~19.4.52",
        "@syncfusion/ej2-inputs": "~19.4.52",
        "@syncfusion/ej2-layouts": "~19.4.52",
        "@syncfusion/ej2-navigations": "~19.4.52",
        "@syncfusion/ej2-popups": "~19.4.52"
      }
    },
    "@syncfusion/ej2-layouts": {
      "version": "19.4.52",
      "resolved": "https://registry.npmjs.org/@syncfusion/ej2-layouts/-/ej2-layouts-19.4.52.tgz",
      "integrity": "sha512-Qeex5OUy5KTzpilRQGPEWcUSzIJt4UB2lDWc8w6samC8sTEpxgasCggqhwFVhViEo49n+hbL9kczfXObmc9HTw==",
      "requires": {
        "@syncfusion/ej2-base": "~19.4.52"
      }
    },
    "@syncfusion/ej2-lineargauge": {
      "version": "19.4.52",
      "resolved": "https://registry.npmjs.org/@syncfusion/ej2-lineargauge/-/ej2-lineargauge-19.4.52.tgz",
      "integrity": "sha512-LsdNX7kAmZrbBcd1/DvXp1uBvotnnSLRNYYhOFSITiAR2ahrnsCDAG0+37MCSUHbAJYKiwr75Dm/iaHqbLA1aw==",
      "requires": {
        "@syncfusion/ej2-base": "~19.4.52",
        "@syncfusion/ej2-pdf-export": "~19.4.52",
        "@syncfusion/ej2-svg-base": "~19.4.52"
      }
    },
    "@syncfusion/ej2-lists": {
      "version": "19.4.52",
      "resolved": "https://registry.npmjs.org/@syncfusion/ej2-lists/-/ej2-lists-19.4.52.tgz",
      "integrity": "sha512-gGtdOGT/x7QMvf8fMPkSom18+xrLaDYhmOY0Ars9lqbqmPmGyfVjFk1HIcYAUhCaPiqlW7XzNHWX/bwdEAD1XQ==",
      "requires": {
        "@syncfusion/ej2-base": "~19.4.52",
        "@syncfusion/ej2-buttons": "~19.4.52",
        "@syncfusion/ej2-data": "~19.4.52"
      }
    },
    "@syncfusion/ej2-maps": {
      "version": "19.4.52",
      "resolved": "https://registry.npmjs.org/@syncfusion/ej2-maps/-/ej2-maps-19.4.52.tgz",
      "integrity": "sha512-4uF1o4EOmbWbUqe6jXd0Xq52YUEn0yDfcGYtpEaDsYCqB8aPk8MT6Ls/J6Vhe5m4dBMEshu6DFR2eBsqPXGPHQ==",
      "requires": {
        "@syncfusion/ej2-base": "~19.4.52",
        "@syncfusion/ej2-buttons": "~19.4.52",
        "@syncfusion/ej2-compression": "~19.4.52",
        "@syncfusion/ej2-data": "~19.4.52",
        "@syncfusion/ej2-file-utils": "~19.4.52",
        "@syncfusion/ej2-pdf-export": "~19.4.52",
        "@syncfusion/ej2-svg-base": "~19.4.52"
      }
    },
    "@syncfusion/ej2-navigations": {
      "version": "19.4.52",
      "resolved": "https://registry.npmjs.org/@syncfusion/ej2-navigations/-/ej2-navigations-19.4.52.tgz",
      "integrity": "sha512-VEJOVeKq0FHhQTMH8wwb2EU0v9BHUMnVg2U6JcIrfT9+ZakM3wDy46uMCRzcMlF98q9StbaLUZXpSg+7DbfH5g==",
      "requires": {
        "@syncfusion/ej2-base": "~19.4.52",
        "@syncfusion/ej2-buttons": "~19.4.52",
        "@syncfusion/ej2-data": "~19.4.52",
        "@syncfusion/ej2-inputs": "~19.4.52",
        "@syncfusion/ej2-lists": "~19.4.52",
        "@syncfusion/ej2-popups": "~19.4.52"
      }
    },
    "@syncfusion/ej2-notifications": {
      "version": "19.4.52",
      "resolved": "https://registry.npmjs.org/@syncfusion/ej2-notifications/-/ej2-notifications-19.4.52.tgz",
      "integrity": "sha512-vd8E6yPEiB2mm2NCLgZhuzkdYK5jGJRVSjyD8W/wYCvoCgtE4tcxxVhR0kEYR5j69jDydBYOi6b51NwCy02Tew==",
      "requires": {
        "@syncfusion/ej2-base": "~19.4.52",
        "@syncfusion/ej2-buttons": "~19.4.52",
        "@syncfusion/ej2-popups": "~19.4.52"
      }
    },
    "@syncfusion/ej2-office-chart": {
      "version": "19.4.52",
      "resolved": "https://registry.npmjs.org/@syncfusion/ej2-office-chart/-/ej2-office-chart-19.4.52.tgz",
      "integrity": "sha512-iZRgrNh1bhiRYNHfQJ9F6PA5gaXGqovq+TjF+j8GOpMEVBx3Gxbung+z2SLEPbWfa9Mu2CYVByxlG5m1dQZhdg==",
      "requires": {
        "@syncfusion/ej2-charts": "~19.4.52"
      }
    },
    "@syncfusion/ej2-pdf-export": {
      "version": "19.4.52",
      "resolved": "https://registry.npmjs.org/@syncfusion/ej2-pdf-export/-/ej2-pdf-export-19.4.52.tgz",
      "integrity": "sha512-j9iQuGwU4vzz8qo6McC/FNSuA7MbVFzZ0TBhi9n1qwJu3rpB5pO3kpUJ1jMS2U+5L38RGdR5ONvdJVqScEB0wA==",
      "requires": {
        "@syncfusion/ej2-compression": "~19.4.52"
      }
    },
    "@syncfusion/ej2-pdfviewer": {
      "version": "19.4.52",
      "resolved": "https://registry.npmjs.org/@syncfusion/ej2-pdfviewer/-/ej2-pdfviewer-19.4.52.tgz",
      "integrity": "sha512-ctbNhJsuQSWhIdEj1pw2Iz4gXqEt6QpEuUeae1Cf3Dvg3YtFjgp1FRd1WW7tk33l8LX66YJMectZ0jkajEtZew==",
      "requires": {
        "@syncfusion/ej2-base": "~19.4.52",
        "@syncfusion/ej2-buttons": "~19.4.52",
        "@syncfusion/ej2-calendars": "~19.4.52",
        "@syncfusion/ej2-compression": "~19.4.52",
        "@syncfusion/ej2-data": "~19.4.52",
        "@syncfusion/ej2-drawings": "~19.4.52",
        "@syncfusion/ej2-dropdowns": "~19.4.52",
        "@syncfusion/ej2-excel-export": "~19.4.52",
        "@syncfusion/ej2-file-utils": "~19.4.52",
        "@syncfusion/ej2-filemanager": "~19.4.52",
        "@syncfusion/ej2-grids": "~19.4.52",
        "@syncfusion/ej2-inplace-editor": "~19.4.52",
        "@syncfusion/ej2-inputs": "~19.4.52",
        "@syncfusion/ej2-layouts": "~19.4.52",
        "@syncfusion/ej2-lists": "~19.4.52",
        "@syncfusion/ej2-navigations": "~19.4.52",
        "@syncfusion/ej2-notifications": "~19.4.52",
        "@syncfusion/ej2-pdf-export": "~19.4.52",
        "@syncfusion/ej2-popups": "~19.4.52",
        "@syncfusion/ej2-richtexteditor": "~19.4.52"
      }
    },
    "@syncfusion/ej2-pivotview": {
      "version": "19.4.52",
      "resolved": "https://registry.npmjs.org/@syncfusion/ej2-pivotview/-/ej2-pivotview-19.4.52.tgz",
      "integrity": "sha512-CEuh2QRcZql9TfcMBmz77ec3/A5aX/fhVWcE7LGu5+fuGG7jdm7IRWYeI+XCHaKXRqG6fjgPl49l7uTd4dPfbw==",
      "requires": {
        "@syncfusion/ej2-base": "~19.4.52",
        "@syncfusion/ej2-buttons": "~19.4.52",
        "@syncfusion/ej2-calendars": "~19.4.52",
        "@syncfusion/ej2-charts": "~19.4.52",
        "@syncfusion/ej2-compression": "~19.4.52",
        "@syncfusion/ej2-data": "~19.4.52",
        "@syncfusion/ej2-dropdowns": "~19.4.52",
        "@syncfusion/ej2-excel-export": "~19.4.52",
        "@syncfusion/ej2-file-utils": "~19.4.52",
        "@syncfusion/ej2-grids": "~19.4.52",
        "@syncfusion/ej2-inputs": "~19.4.52",
        "@syncfusion/ej2-lists": "~19.4.52",
        "@syncfusion/ej2-navigations": "~19.4.52",
        "@syncfusion/ej2-pdf-export": "~19.4.52",
        "@syncfusion/ej2-popups": "~19.4.52",
        "@syncfusion/ej2-splitbuttons": "~19.4.52",
        "@syncfusion/ej2-svg-base": "~19.4.52"
      }
    },
    "@syncfusion/ej2-popups": {
      "version": "19.4.52",
      "resolved": "https://registry.npmjs.org/@syncfusion/ej2-popups/-/ej2-popups-19.4.52.tgz",
      "integrity": "sha512-fMzwi5b7U2AiW/esgr7g3mPXsNtmkZuiy8xDlO6qMw5q1aZHKNJV0E/aepiUDWz6NIwIEPSDc4mFE+I4Y/ORRQ==",
      "requires": {
        "@syncfusion/ej2-base": "~19.4.52",
        "@syncfusion/ej2-buttons": "~19.4.52"
      }
    },
    "@syncfusion/ej2-progressbar": {
      "version": "19.4.52",
      "resolved": "https://registry.npmjs.org/@syncfusion/ej2-progressbar/-/ej2-progressbar-19.4.52.tgz",
      "integrity": "sha512-IEv9fQsuaWsW+V8yzrVYu1wZZ1gZThDGMbOFudvT7AcBFogJFJ4v7+B/RGXzAjdw8ZbpVm1F4IbNv9ygwhCnKA==",
      "requires": {
        "@syncfusion/ej2-base": "~19.4.52",
        "@syncfusion/ej2-data": "~19.4.52",
        "@syncfusion/ej2-svg-base": "~19.4.52"
      }
    },
    "@syncfusion/ej2-querybuilder": {
      "version": "19.4.52",
      "resolved": "https://registry.npmjs.org/@syncfusion/ej2-querybuilder/-/ej2-querybuilder-19.4.52.tgz",
      "integrity": "sha512-cdiWDX+M6ItBaOJeeXwyVRApCt9V5kNaWDU8eTFPT7iG6uV7AWahH4tXaBHK2stj/mdLjfE4Lejxm0ahMJUN0A==",
      "requires": {
        "@syncfusion/ej2-base": "~19.4.52",
        "@syncfusion/ej2-buttons": "~19.4.52",
        "@syncfusion/ej2-calendars": "~19.4.52",
        "@syncfusion/ej2-dropdowns": "~19.4.52",
        "@syncfusion/ej2-inputs": "~19.4.52",
        "@syncfusion/ej2-splitbuttons": "~19.4.52"
      }
    },
    "@syncfusion/ej2-richtexteditor": {
      "version": "19.4.52",
      "resolved": "https://registry.npmjs.org/@syncfusion/ej2-richtexteditor/-/ej2-richtexteditor-19.4.52.tgz",
      "integrity": "sha512-DHV7G0QevARgASMcfBxG9gybX99DC23smt+sqjzm7jilQ/ry69R6h8VOZglC7rscl2qXIRIJQZtQHquyfX1Ifg==",
      "requires": {
        "@syncfusion/ej2-base": "~19.4.52",
        "@syncfusion/ej2-buttons": "~19.4.52",
        "@syncfusion/ej2-filemanager": "~19.4.52",
        "@syncfusion/ej2-inputs": "~19.4.52",
        "@syncfusion/ej2-navigations": "~19.4.52",
        "@syncfusion/ej2-popups": "~19.4.52",
        "@syncfusion/ej2-splitbuttons": "~19.4.52"
      }
    },
    "@syncfusion/ej2-schedule": {
      "version": "19.4.52",
      "resolved": "https://registry.npmjs.org/@syncfusion/ej2-schedule/-/ej2-schedule-19.4.52.tgz",
      "integrity": "sha512-I47fI0I5N+1enZNw890nO3RvtLtHkq2vqb4duBERIGiiXrMoKORgWXGp3jmLI6RNA3h3gj4u5ocGQub6rp/RzQ==",
      "requires": {
        "@syncfusion/ej2-base": "~19.4.52",
        "@syncfusion/ej2-buttons": "~19.4.52",
        "@syncfusion/ej2-calendars": "~19.4.52",
        "@syncfusion/ej2-data": "~19.4.52",
        "@syncfusion/ej2-dropdowns": "~19.4.52",
        "@syncfusion/ej2-excel-export": "~19.4.52",
        "@syncfusion/ej2-inputs": "~19.4.52",
        "@syncfusion/ej2-lists": "~19.4.52",
        "@syncfusion/ej2-navigations": "~19.4.52",
        "@syncfusion/ej2-popups": "~19.4.52"
      }
    },
    "@syncfusion/ej2-splitbuttons": {
      "version": "19.4.52",
      "resolved": "https://registry.npmjs.org/@syncfusion/ej2-splitbuttons/-/ej2-splitbuttons-19.4.52.tgz",
      "integrity": "sha512-EmUh/3gwW04nCF/0UUfS6w3nl6Sy62ysPFqzwFTu9972DHr4R5W7t147PMJnFRa9Q0i/ud5a9/jERU7quaxBDw==",
      "requires": {
        "@syncfusion/ej2-base": "~19.4.52",
        "@syncfusion/ej2-popups": "~19.4.52"
      }
    },
    "@syncfusion/ej2-spreadsheet": {
      "version": "19.4.52",
      "resolved": "https://registry.npmjs.org/@syncfusion/ej2-spreadsheet/-/ej2-spreadsheet-19.4.52.tgz",
      "integrity": "sha512-BaSt9jVsWC3rl+7IJJagxeU2dBhOBdz+QsLgjIcDnphxaNI91/eVadwbe9l7ZiKf2ljat+QNW/E48Fz3Vk0OTw==",
      "requires": {
        "@syncfusion/ej2-base": "~19.4.52",
        "@syncfusion/ej2-charts": "~19.4.52",
        "@syncfusion/ej2-dropdowns": "~19.4.52",
        "@syncfusion/ej2-grids": "~19.4.52",
        "@syncfusion/ej2-navigations": "~19.4.52"
      }
    },
    "@syncfusion/ej2-svg-base": {
      "version": "19.4.52",
      "resolved": "https://registry.npmjs.org/@syncfusion/ej2-svg-base/-/ej2-svg-base-19.4.52.tgz",
      "integrity": "sha512-6QJfUaprOBvvS/vybBwGSyJvlAyC1czvH7s7ZWkat/6GkQB1WUXkz4lpkbbOj/dwASMyaqHIFWSHFicorynBzg==",
      "requires": {
        "@syncfusion/ej2-base": "~19.4.52"
      }
    },
    "@syncfusion/ej2-treegrid": {
      "version": "19.4.52",
      "resolved": "https://registry.npmjs.org/@syncfusion/ej2-treegrid/-/ej2-treegrid-19.4.52.tgz",
      "integrity": "sha512-X23WPLXDBB1dg78bV6V3qPvyKZxa516ngceFb8zRU70ru4km9G0EC+gOo8z2rJ99BfbFptf8RdTCeZzFCc6lAA==",
      "requires": {
        "@syncfusion/ej2-base": "~19.4.52",
        "@syncfusion/ej2-data": "~19.4.52",
        "@syncfusion/ej2-grids": "~19.4.52",
        "@syncfusion/ej2-popups": "~19.4.52"
      }
    },
    "@syncfusion/ej2-treemap": {
      "version": "19.4.52",
      "resolved": "https://registry.npmjs.org/@syncfusion/ej2-treemap/-/ej2-treemap-19.4.52.tgz",
      "integrity": "sha512-7q2mZa+2uuxlOOgvOhDN/vMcO57RBzjAdkgZad+rOdeSVv+8hcfqR9iea98r0oin31xstKo6zUWPs8jShS+SvA==",
      "requires": {
        "@syncfusion/ej2-base": "~19.4.52",
        "@syncfusion/ej2-compression": "~19.4.52",
        "@syncfusion/ej2-data": "~19.4.52",
        "@syncfusion/ej2-file-utils": "~19.4.52",
        "@syncfusion/ej2-pdf-export": "~19.4.52",
        "@syncfusion/ej2-svg-base": "~19.4.52"
      }
    },
    "@types/lodash": {
      "version": "4.14.159",
      "resolved": "https://registry.npmjs.org/@types/lodash/-/lodash-4.14.159.tgz",
      "integrity": "sha512-gF7A72f7WQN33DpqOWw9geApQPh4M3PxluMtaHxWHXEGSN12/WbcEk/eNSqWNQcQhF66VSZ06vCF94CrHwXJDg=="
    },
    "core-js": {
      "version": "3.21.0",
      "resolved": "https://registry.npmjs.org/core-js/-/core-js-3.21.0.tgz",
      "integrity": "sha512-YUdI3fFu4TF/2WykQ2xzSiTQdldLB4KVuL9WeAy5XONZYt5Cun/fpQvctoKbCgvPhmzADeesTk/j2Rdx77AcKQ=="
    },
    "reflect-metadata": {
      "version": "0.1.13",
      "resolved": "https://registry.npmjs.org/reflect-metadata/-/reflect-metadata-0.1.13.tgz",
      "integrity": "sha512-Ts1Y/anZELhSsjMcU605fU9RE4Oi3p5ORujwbIKXfWa+0Zxs510Qrmrce5/Jowq3cHSZSJqBjypxmHarc+vEWg=="
    },
    "rxjs": {
      "version": "6.6.7",
      "resolved": "https://registry.npmjs.org/rxjs/-/rxjs-6.6.7.tgz",
      "integrity": "sha512-hTdwr+7yYNIT5n4AMYp85KA6yw2Va0FLa3Rguvbpa4W3I5xynaBZo41cM3XM+4Q6fRMj3sBYIR1VAmZMXYJvRQ==",
      "requires": {
        "tslib": "^1.9.0"
      }
    },
    "rxjs-compat": {
      "version": "6.6.7",
      "resolved": "https://registry.npmjs.org/rxjs-compat/-/rxjs-compat-6.6.7.tgz",
      "integrity": "sha512-szN4fK+TqBPOFBcBcsR0g2cmTTUF/vaFEOZNuSdfU8/pGFnNmmn2u8SystYXG1QMrjOPBc6XTKHMVfENDf6hHw=="
    },
    "tslib": {
      "version": "1.14.1",
      "resolved": "https://registry.npmjs.org/tslib/-/tslib-1.14.1.tgz",
      "integrity": "sha512-Xni35NKzjgMrwevysHTCArtLDpPvye8zV/0E4EyYn43P7/7qvQwPh9BGkHewbMulVntbigmcT7rdX3BNo9wRJg=="
    },
    "zone.js": {
      "version": "0.10.3",
      "resolved": "https://registry.npmjs.org/zone.js/-/zone.js-0.10.3.tgz",
      "integrity": "sha512-LXVLVEq0NNOqK/fLJo3d0kfzd4sxwn2/h67/02pjCjfKDxgx1i9QqpvtHD8CrBnSSwMw5+dy11O7FRX5mkO7Cg=="
    }
  }
}
